// !$*UTF8*$!
{
	archiveVersion = 1;
	classes = {
	};
	objectVersion = 46;
	objects = {

/* Begin PBXBuildFile section */
		C916A266195E9ECB00AA4A19 /* Time.cpp in Sources */ = {isa = PBXBuildFile; fileRef = C916A265195E9ECB00AA4A19 /* Time.cpp */; };
		C916A268195EA0A000AA4A19 /* BinaryCode.cpp in Sources */ = {isa = PBXBuildFile; fileRef = C916A267195EA0A000AA4A19 /* BinaryCode.cpp */; };
		C916A26A195ED9BE00AA4A19 /* FibonacciDiv2.cpp in Sources */ = {isa = PBXBuildFile; fileRef = C916A269195ED9BE00AA4A19 /* FibonacciDiv2.cpp */; };
		C916A2741960217A00AA4A19 /* DerivativeSequence.cpp in Sources */ = {isa = PBXBuildFile; fileRef = C916A2731960217A00AA4A19 /* DerivativeSequence.cpp */; };
		C916A2761965EBDB00AA4A19 /* ShorterSuperSum.cpp in Sources */ = {isa = PBXBuildFile; fileRef = C916A2751965EBDB00AA4A19 /* ShorterSuperSum.cpp */; };
		C916A2841965F13100AA4A19 /* ColorfulRoad.cpp in Sources */ = {isa = PBXBuildFile; fileRef = C916A2781965F13100AA4A19 /* ColorfulRoad.cpp */; };
		C916A2851965F13100AA4A19 /* ColorfulRoad.java in Sources */ = {isa = PBXBuildFile; fileRef = C916A27A1965F13100AA4A19 /* ColorfulRoad.java */; };
		C916A2861965F13100AA4A19 /* FoxAndSightseeing.cpp in Sources */ = {isa = PBXBuildFile; fileRef = C916A27C1965F13100AA4A19 /* FoxAndSightseeing.cpp */; };
		C916A2871965F13100AA4A19 /* FoxAndSightseeing.java in Sources */ = {isa = PBXBuildFile; fileRef = C916A27E1965F13100AA4A19 /* FoxAndSightseeing.java */; };
		C916A2881965F13100AA4A19 /* SparseFactorialDiv2.cpp in Sources */ = {isa = PBXBuildFile; fileRef = C916A2801965F13100AA4A19 /* SparseFactorialDiv2.cpp */; };
		C916A2891965F13100AA4A19 /* SparseFactorialDiv2.java in Sources */ = {isa = PBXBuildFile; fileRef = C916A2821965F13100AA4A19 /* SparseFactorialDiv2.java */; };
		C938E1F717787D4C0086F792 /* main.cpp in Sources */ = {isa = PBXBuildFile; fileRef = C938E1F617787D4C0086F792 /* main.cpp */; };
		C938E20117787D5F0086F792 /* RecursiveLoop.cpp in Sources */ = {isa = PBXBuildFile; fileRef = C938E1FF17787D5F0086F792 /* RecursiveLoop.cpp */; };
		C938E204177904360086F792 /* Power.cpp in Sources */ = {isa = PBXBuildFile; fileRef = C938E202177904360086F792 /* Power.cpp */; };
		C938E2071779B1280086F792 /* Combination.cpp in Sources */ = {isa = PBXBuildFile; fileRef = C938E2051779B1280086F792 /* Combination.cpp */; };
		C938E20A1779C1BF0086F792 /* Permutations.cpp in Sources */ = {isa = PBXBuildFile; fileRef = C938E2081779C1BF0086F792 /* Permutations.cpp */; };
		C95293D1195A3F2A00647DAE /* 3n+1Problem.cpp in Sources */ = {isa = PBXBuildFile; fileRef = C95293CF195A3F2A00647DAE /* 3n+1Problem.cpp */; };
		C952943219661A2F00647DAE /* Coins.cpp in Sources */ = {isa = PBXBuildFile; fileRef = C952943019661A2F00647DAE /* Coins.cpp */; };
		C95CCB8718829A3F00F2B964 /* KMP.cpp in Sources */ = {isa = PBXBuildFile; fileRef = C95CCB8518829A3F00F2B964 /* KMP.cpp */; };
		C9600E6217A6E384006A15A9 /* InsertionSort.cpp in Sources */ = {isa = PBXBuildFile; fileRef = C9600E6017A6E384006A15A9 /* InsertionSort.cpp */; };
		C96352E217A04C990092BC3C /* CutTheRod.cpp in Sources */ = {isa = PBXBuildFile; fileRef = C96352E017A04C990092BC3C /* CutTheRod.cpp */; };
		C975437D1798AC9300A905AC /* CoinChange.cpp in Sources */ = {isa = PBXBuildFile; fileRef = C975437B1798AC9300A905AC /* CoinChange.cpp */; };
		C97543A0179C561100A905AC /* LIS.cpp in Sources */ = {isa = PBXBuildFile; fileRef = C975439E179C561000A905AC /* LIS.cpp */; };
		C9940A5A17AEC3BC003FDD03 /* PelindromicSubSeq.cpp in Sources */ = {isa = PBXBuildFile; fileRef = C9940A5817AEC3BC003FDD03 /* PelindromicSubSeq.cpp */; };
		C99AC9811968B36E000FACE3 /* LIS.cpp in Sources */ = {isa = PBXBuildFile; fileRef = C99AC97F1968B36E000FACE3 /* LIS.cpp */; };
		C99AC98419690DE2000FACE3 /* ZigZag.cpp in Sources */ = {isa = PBXBuildFile; fileRef = C99AC98219690DE2000FACE3 /* ZigZag.cpp */; };
		C9AD36E41788B65C0036D3D7 /* GraphColoring.cpp in Sources */ = {isa = PBXBuildFile; fileRef = C9AD36E21788B65C0036D3D7 /* GraphColoring.cpp */; };
		C9AD3704178B500B0036D3D7 /* Parentheses.cpp in Sources */ = {isa = PBXBuildFile; fileRef = C9AD3702178B500B0036D3D7 /* Parentheses.cpp */; };
		C9BC960B178497F900E69E55 /* NQueens.cpp in Sources */ = {isa = PBXBuildFile; fileRef = C9BC9609178497F900E69E55 /* NQueens.cpp */; };
		C9D16A7D17DCFAF200ACB022 /* Graph.cpp in Sources */ = {isa = PBXBuildFile; fileRef = C9D16A7B17DCFAF200ACB022 /* Graph.cpp */; };
		C9D16A8017E0313C00ACB022 /* QuickSort.cpp in Sources */ = {isa = PBXBuildFile; fileRef = C9D16A7E17E0313C00ACB022 /* QuickSort.cpp */; };
		C9ED3D8B177B279E00994C1F /* StringOperations.cpp in Sources */ = {isa = PBXBuildFile; fileRef = C9ED3D89177B279E00994C1F /* StringOperations.cpp */; };
		C9ED3D91177C1A6400994C1F /* BST.cpp in Sources */ = {isa = PBXBuildFile; fileRef = C9ED3D8F177C1A6400994C1F /* BST.cpp */; };
		C9ED3D94177D03B500994C1F /* MatrixOperations.cpp in Sources */ = {isa = PBXBuildFile; fileRef = C9ED3D92177D03B500994C1F /* MatrixOperations.cpp */; };
		C9ED3D9E177FAF5400994C1F /* TutorialBase.cpp in Sources */ = {isa = PBXBuildFile; fileRef = C9ED3D9C177FAF5300994C1F /* TutorialBase.cpp */; };
/* End PBXBuildFile section */

/* Begin PBXCopyFilesBuildPhase section */
		C938E1F117787D4C0086F792 /* CopyFiles */ = {
			isa = PBXCopyFilesBuildPhase;
			buildActionMask = 2147483647;
			dstPath = /usr/share/man/man1/;
			dstSubfolderSpec = 0;
			files = (
			);
			runOnlyForDeploymentPostprocessing = 1;
		};
/* End PBXCopyFilesBuildPhase section */

/* Begin PBXFileReference section */
		C916A265195E9ECB00AA4A19 /* Time.cpp */ = {isa = PBXFileReference; fileEncoding = 4; lastKnownFileType = sourcecode.cpp.cpp; name = Time.cpp; path = "SRM 144/Time.cpp"; sourceTree = "<group>"; };
		C916A267195EA0A000AA4A19 /* BinaryCode.cpp */ = {isa = PBXFileReference; fileEncoding = 4; lastKnownFileType = sourcecode.cpp.cpp; name = BinaryCode.cpp; path = "SRM 144/BinaryCode.cpp"; sourceTree = "<group>"; };
		C916A269195ED9BE00AA4A19 /* FibonacciDiv2.cpp */ = {isa = PBXFileReference; fileEncoding = 4; lastKnownFileType = sourcecode.cpp.cpp; name = FibonacciDiv2.cpp; path = "SRM 622/FibonacciDiv2.cpp"; sourceTree = "<group>"; };
		C916A26C195F8D9F00AA4A19 /* FibonacciDiv2.sample */ = {isa = PBXFileReference; fileEncoding = 4; lastKnownFileType = text; name = FibonacciDiv2.sample; path = "SRM 622/FibonacciDiv2.sample"; sourceTree = "<group>"; };
		C916A26E195F93F900AA4A19 /* FibonacciDiv2.sample */ = {isa = PBXFileReference; fileEncoding = 4; lastKnownFileType = text; path = FibonacciDiv2.sample; sourceTree = "<group>"; };
		C916A26F195F93F900AA4A19 /* Time.sample */ = {isa = PBXFileReference; fileEncoding = 4; lastKnownFileType = text; path = Time.sample; sourceTree = "<group>"; };
		C916A270195FBFC000AA4A19 /* DerivativeSequence.sample */ = {isa = PBXFileReference; fileEncoding = 4; lastKnownFileType = text; path = DerivativeSequence.sample; sourceTree = "<group>"; };
		C916A2731960217A00AA4A19 /* DerivativeSequence.cpp */ = {isa = PBXFileReference; fileEncoding = 4; lastKnownFileType = sourcecode.cpp.cpp; name = DerivativeSequence.cpp; path = "SRM 322/DerivativeSequence.cpp"; sourceTree = "<group>"; };
		C916A2751965EBDB00AA4A19 /* ShorterSuperSum.cpp */ = {isa = PBXFileReference; fileEncoding = 4; lastKnownFileType = sourcecode.cpp.cpp; name = ShorterSuperSum.cpp; path = "SRM 467/ShorterSuperSum.cpp"; sourceTree = "<group>"; };
		C916A2781965F13100AA4A19 /* ColorfulRoad.cpp */ = {isa = PBXFileReference; fileEncoding = 4; lastKnownFileType = sourcecode.cpp.cpp; path = ColorfulRoad.cpp; sourceTree = "<group>"; };
		C916A2791965F13100AA4A19 /* ColorfulRoad.html */ = {isa = PBXFileReference; fileEncoding = 4; lastKnownFileType = text.html; path = ColorfulRoad.html; sourceTree = "<group>"; };
		C916A27A1965F13100AA4A19 /* ColorfulRoad.java */ = {isa = PBXFileReference; fileEncoding = 4; lastKnownFileType = sourcecode.java; path = ColorfulRoad.java; sourceTree = "<group>"; };
		C916A27B1965F13100AA4A19 /* ColorfulRoad.sample */ = {isa = PBXFileReference; fileEncoding = 4; lastKnownFileType = text; path = ColorfulRoad.sample; sourceTree = "<group>"; };
		C916A27C1965F13100AA4A19 /* FoxAndSightseeing.cpp */ = {isa = PBXFileReference; fileEncoding = 4; lastKnownFileType = sourcecode.cpp.cpp; path = FoxAndSightseeing.cpp; sourceTree = "<group>"; };
		C916A27D1965F13100AA4A19 /* FoxAndSightseeing.html */ = {isa = PBXFileReference; fileEncoding = 4; lastKnownFileType = text.html; path = FoxAndSightseeing.html; sourceTree = "<group>"; };
		C916A27E1965F13100AA4A19 /* FoxAndSightseeing.java */ = {isa = PBXFileReference; fileEncoding = 4; lastKnownFileType = sourcecode.java; path = FoxAndSightseeing.java; sourceTree = "<group>"; };
		C916A27F1965F13100AA4A19 /* FoxAndSightseeing.sample */ = {isa = PBXFileReference; fileEncoding = 4; lastKnownFileType = text; path = FoxAndSightseeing.sample; sourceTree = "<group>"; };
		C916A2801965F13100AA4A19 /* SparseFactorialDiv2.cpp */ = {isa = PBXFileReference; fileEncoding = 4; lastKnownFileType = sourcecode.cpp.cpp; path = SparseFactorialDiv2.cpp; sourceTree = "<group>"; };
		C916A2811965F13100AA4A19 /* SparseFactorialDiv2.html */ = {isa = PBXFileReference; fileEncoding = 4; lastKnownFileType = text.html; path = SparseFactorialDiv2.html; sourceTree = "<group>"; };
		C916A2821965F13100AA4A19 /* SparseFactorialDiv2.java */ = {isa = PBXFileReference; fileEncoding = 4; lastKnownFileType = sourcecode.java; path = SparseFactorialDiv2.java; sourceTree = "<group>"; };
		C916A2831965F13100AA4A19 /* SparseFactorialDiv2.sample */ = {isa = PBXFileReference; fileEncoding = 4; lastKnownFileType = text; path = SparseFactorialDiv2.sample; sourceTree = "<group>"; };
		C938E1F317787D4C0086F792 /* AlgorithmTutorials */ = {isa = PBXFileReference; explicitFileType = "compiled.mach-o.executable"; includeInIndex = 0; path = AlgorithmTutorials; sourceTree = BUILT_PRODUCTS_DIR; };
		C938E1F617787D4C0086F792 /* main.cpp */ = {isa = PBXFileReference; lastKnownFileType = sourcecode.cpp.cpp; path = main.cpp; sourceTree = "<group>"; };
		C938E1FF17787D5F0086F792 /* RecursiveLoop.cpp */ = {isa = PBXFileReference; fileEncoding = 4; lastKnownFileType = sourcecode.cpp.cpp; path = RecursiveLoop.cpp; sourceTree = "<group>"; };
		C938E20017787D5F0086F792 /* RecursiveLoop.h */ = {isa = PBXFileReference; fileEncoding = 4; lastKnownFileType = sourcecode.c.h; path = RecursiveLoop.h; sourceTree = "<group>"; };
		C938E202177904360086F792 /* Power.cpp */ = {isa = PBXFileReference; fileEncoding = 4; lastKnownFileType = sourcecode.cpp.cpp; path = Power.cpp; sourceTree = "<group>"; };
		C938E203177904360086F792 /* Power.h */ = {isa = PBXFileReference; fileEncoding = 4; lastKnownFileType = sourcecode.c.h; path = Power.h; sourceTree = "<group>"; };
		C938E2051779B1280086F792 /* Combination.cpp */ = {isa = PBXFileReference; fileEncoding = 4; lastKnownFileType = sourcecode.cpp.cpp; path = Combination.cpp; sourceTree = "<group>"; };
		C938E2061779B1280086F792 /* Combination.h */ = {isa = PBXFileReference; fileEncoding = 4; lastKnownFileType = sourcecode.c.h; path = Combination.h; sourceTree = "<group>"; };
		C938E2081779C1BF0086F792 /* Permutations.cpp */ = {isa = PBXFileReference; fileEncoding = 4; lastKnownFileType = sourcecode.cpp.cpp; path = Permutations.cpp; sourceTree = "<group>"; };
		C938E2091779C1BF0086F792 /* Permutations.h */ = {isa = PBXFileReference; fileEncoding = 4; lastKnownFileType = sourcecode.c.h; path = Permutations.h; sourceTree = "<group>"; };
		C95293CF195A3F2A00647DAE /* 3n+1Problem.cpp */ = {isa = PBXFileReference; fileEncoding = 4; lastKnownFileType = sourcecode.cpp.cpp; path = "3n+1Problem.cpp"; sourceTree = "<group>"; };
		C95293D0195A3F2A00647DAE /* 3n+1Problem.h */ = {isa = PBXFileReference; fileEncoding = 4; lastKnownFileType = sourcecode.c.h; path = "3n+1Problem.h"; sourceTree = "<group>"; };
		C95293E3195D554A00647DAE /* prettyprint.hpp */ = {isa = PBXFileReference; fileEncoding = 4; lastKnownFileType = sourcecode.cpp.h; path = prettyprint.hpp; sourceTree = "<group>"; };
		C952943019661A2F00647DAE /* Coins.cpp */ = {isa = PBXFileReference; fileEncoding = 4; lastKnownFileType = sourcecode.cpp.cpp; path = Coins.cpp; sourceTree = "<group>"; };
		C95CCB8518829A3F00F2B964 /* KMP.cpp */ = {isa = PBXFileReference; fileEncoding = 4; lastKnownFileType = sourcecode.cpp.cpp; path = KMP.cpp; sourceTree = "<group>"; };
		C95CCB8618829A3F00F2B964 /* KMP.h */ = {isa = PBXFileReference; fileEncoding = 4; lastKnownFileType = sourcecode.c.h; path = KMP.h; sourceTree = "<group>"; };
		C9600E6017A6E384006A15A9 /* InsertionSort.cpp */ = {isa = PBXFileReference; fileEncoding = 4; lastKnownFileType = sourcecode.cpp.cpp; path = InsertionSort.cpp; sourceTree = "<group>"; };
		C9600E6117A6E384006A15A9 /* InsertionSort.h */ = {isa = PBXFileReference; fileEncoding = 4; lastKnownFileType = sourcecode.c.h; path = InsertionSort.h; sourceTree = "<group>"; };
		C96352E017A04C990092BC3C /* CutTheRod.cpp */ = {isa = PBXFileReference; fileEncoding = 4; lastKnownFileType = sourcecode.cpp.cpp; path = CutTheRod.cpp; sourceTree = "<group>"; };
		C96352E117A04C990092BC3C /* CutTheRod.h */ = {isa = PBXFileReference; fileEncoding = 4; lastKnownFileType = sourcecode.c.h; path = CutTheRod.h; sourceTree = "<group>"; };
		C975437B1798AC9300A905AC /* CoinChange.cpp */ = {isa = PBXFileReference; fileEncoding = 4; lastKnownFileType = sourcecode.cpp.cpp; path = CoinChange.cpp; sourceTree = "<group>"; };
		C975437C1798AC9300A905AC /* CoinChange.h */ = {isa = PBXFileReference; fileEncoding = 4; lastKnownFileType = sourcecode.c.h; path = CoinChange.h; sourceTree = "<group>"; };
		C975439E179C561000A905AC /* LIS.cpp */ = {isa = PBXFileReference; fileEncoding = 4; lastKnownFileType = sourcecode.cpp.cpp; path = LIS.cpp; sourceTree = "<group>"; };
		C975439F179C561000A905AC /* LIS.h */ = {isa = PBXFileReference; fileEncoding = 4; lastKnownFileType = sourcecode.c.h; path = LIS.h; sourceTree = "<group>"; };
		C9940A5817AEC3BC003FDD03 /* PelindromicSubSeq.cpp */ = {isa = PBXFileReference; fileEncoding = 4; lastKnownFileType = sourcecode.cpp.cpp; path = PelindromicSubSeq.cpp; sourceTree = "<group>"; };
		C9940A5917AEC3BC003FDD03 /* PelindromicSubSeq.h */ = {isa = PBXFileReference; fileEncoding = 4; lastKnownFileType = sourcecode.c.h; path = PelindromicSubSeq.h; sourceTree = "<group>"; };
		C9940A5C17AEC824003FDD03 /* common.h */ = {isa = PBXFileReference; fileEncoding = 4; lastKnownFileType = sourcecode.c.h; path = common.h; sourceTree = "<group>"; };
		C99AC97F1968B36E000FACE3 /* LIS.cpp */ = {isa = PBXFileReference; fileEncoding = 4; lastKnownFileType = sourcecode.cpp.cpp; path = LIS.cpp; sourceTree = "<group>"; };
		C99AC98219690DE2000FACE3 /* ZigZag.cpp */ = {isa = PBXFileReference; fileEncoding = 4; lastKnownFileType = sourcecode.cpp.cpp; path = ZigZag.cpp; sourceTree = "<group>"; };
		C9AD36E21788B65C0036D3D7 /* GraphColoring.cpp */ = {isa = PBXFileReference; fileEncoding = 4; lastKnownFileType = sourcecode.cpp.cpp; path = GraphColoring.cpp; sourceTree = "<group>"; };
		C9AD36E31788B65C0036D3D7 /* GraphColoring.h */ = {isa = PBXFileReference; fileEncoding = 4; lastKnownFileType = sourcecode.c.h; path = GraphColoring.h; sourceTree = "<group>"; };
		C9AD3702178B500B0036D3D7 /* Parentheses.cpp */ = {isa = PBXFileReference; fileEncoding = 4; lastKnownFileType = sourcecode.cpp.cpp; path = Parentheses.cpp; sourceTree = "<group>"; };
		C9AD3703178B500B0036D3D7 /* Parentheses.h */ = {isa = PBXFileReference; fileEncoding = 4; lastKnownFileType = sourcecode.c.h; path = Parentheses.h; sourceTree = "<group>"; };
		C9BC9609178497F900E69E55 /* NQueens.cpp */ = {isa = PBXFileReference; fileEncoding = 4; lastKnownFileType = sourcecode.cpp.cpp; path = NQueens.cpp; sourceTree = "<group>"; };
		C9BC960A178497F900E69E55 /* NQueens.h */ = {isa = PBXFileReference; fileEncoding = 4; lastKnownFileType = sourcecode.c.h; path = NQueens.h; sourceTree = "<group>"; };
		C9D16A7B17DCFAF200ACB022 /* Graph.cpp */ = {isa = PBXFileReference; fileEncoding = 4; lastKnownFileType = sourcecode.cpp.cpp; path = Graph.cpp; sourceTree = "<group>"; };
		C9D16A7C17DCFAF200ACB022 /* Graph.h */ = {isa = PBXFileReference; fileEncoding = 4; lastKnownFileType = sourcecode.c.h; path = Graph.h; sourceTree = "<group>"; };
		C9D16A7E17E0313C00ACB022 /* QuickSort.cpp */ = {isa = PBXFileReference; fileEncoding = 4; lastKnownFileType = sourcecode.cpp.cpp; path = QuickSort.cpp; sourceTree = "<group>"; };
		C9D16A7F17E0313C00ACB022 /* QuickSort.h */ = {isa = PBXFileReference; fileEncoding = 4; lastKnownFileType = sourcecode.c.h; path = QuickSort.h; sourceTree = "<group>"; };
		C9ED3D89177B279E00994C1F /* StringOperations.cpp */ = {isa = PBXFileReference; fileEncoding = 4; lastKnownFileType = sourcecode.cpp.cpp; path = StringOperations.cpp; sourceTree = "<group>"; };
		C9ED3D8A177B279E00994C1F /* StringOperations.h */ = {isa = PBXFileReference; fileEncoding = 4; lastKnownFileType = sourcecode.c.h; path = StringOperations.h; sourceTree = "<group>"; };
		C9ED3D8F177C1A6400994C1F /* BST.cpp */ = {isa = PBXFileReference; fileEncoding = 4; lastKnownFileType = sourcecode.cpp.cpp; path = BST.cpp; sourceTree = "<group>"; };
		C9ED3D90177C1A6400994C1F /* BST.h */ = {isa = PBXFileReference; fileEncoding = 4; lastKnownFileType = sourcecode.c.h; path = BST.h; sourceTree = "<group>"; };
		C9ED3D92177D03B500994C1F /* MatrixOperations.cpp */ = {isa = PBXFileReference; fileEncoding = 4; lastKnownFileType = sourcecode.cpp.cpp; path = MatrixOperations.cpp; sourceTree = "<group>"; };
		C9ED3D93177D03B500994C1F /* MatrixOperations.h */ = {isa = PBXFileReference; fileEncoding = 4; lastKnownFileType = sourcecode.c.h; path = MatrixOperations.h; sourceTree = "<group>"; };
		C9ED3D9C177FAF5300994C1F /* TutorialBase.cpp */ = {isa = PBXFileReference; fileEncoding = 4; lastKnownFileType = sourcecode.cpp.cpp; path = TutorialBase.cpp; sourceTree = "<group>"; };
		C9ED3D9D177FAF5300994C1F /* TutorialBase.h */ = {isa = PBXFileReference; fileEncoding = 4; lastKnownFileType = sourcecode.c.h; path = TutorialBase.h; sourceTree = "<group>"; };
/* End PBXFileReference section */

/* Begin PBXFrameworksBuildPhase section */
		C938E1F017787D4C0086F792 /* Frameworks */ = {
			isa = PBXFrameworksBuildPhase;
			buildActionMask = 2147483647;
			files = (
			);
			runOnlyForDeploymentPostprocessing = 0;
		};
/* End PBXFrameworksBuildPhase section */

/* Begin PBXGroup section */
		C916A26D195F937500AA4A19 /* TestCases */ = {
			isa = PBXGroup;
			children = (
				C916A270195FBFC000AA4A19 /* DerivativeSequence.sample */,
				C916A26E195F93F900AA4A19 /* FibonacciDiv2.sample */,
				C916A26F195F93F900AA4A19 /* Time.sample */,
			);
			path = TestCases;
			sourceTree = "<group>";
		};
		C916A2771965F13100AA4A19 /* SRM 596 */ = {
			isa = PBXGroup;
			children = (
				C916A2781965F13100AA4A19 /* ColorfulRoad.cpp */,
				C916A2791965F13100AA4A19 /* ColorfulRoad.html */,
				C916A27A1965F13100AA4A19 /* ColorfulRoad.java */,
				C916A27B1965F13100AA4A19 /* ColorfulRoad.sample */,
				C916A27C1965F13100AA4A19 /* FoxAndSightseeing.cpp */,
				C916A27D1965F13100AA4A19 /* FoxAndSightseeing.html */,
				C916A27E1965F13100AA4A19 /* FoxAndSightseeing.java */,
				C916A27F1965F13100AA4A19 /* FoxAndSightseeing.sample */,
				C916A2801965F13100AA4A19 /* SparseFactorialDiv2.cpp */,
				C916A2811965F13100AA4A19 /* SparseFactorialDiv2.html */,
				C916A2821965F13100AA4A19 /* SparseFactorialDiv2.java */,
				C916A2831965F13100AA4A19 /* SparseFactorialDiv2.sample */,
			);
			path = "SRM 596";
			sourceTree = "<group>";
		};
		C938E1EA17787D4C0086F792 = {
			isa = PBXGroup;
			children = (
				C938E1F517787D4C0086F792 /* AlgorithmTutorials */,
				C938E1F417787D4C0086F792 /* Products */,
			);
			sourceTree = "<group>";
		};
		C938E1F417787D4C0086F792 /* Products */ = {
			isa = PBXGroup;
			children = (
				C938E1F317787D4C0086F792 /* AlgorithmTutorials */,
			);
			name = Products;
			sourceTree = "<group>";
		};
		C938E1F517787D4C0086F792 /* AlgorithmTutorials */ = {
			isa = PBXGroup;
			children = (
				C952942F19661A2000647DAE /* DynamicProgramming-Extra */,
				C95293DE195D4E5900647DAE /* TopCoder */,
				C95293CE195A3ED600647DAE /* Skeina */,
				C9940A5C17AEC824003FDD03 /* common.h */,
				C9600E5F17A6E373006A15A9 /* Sorting */,
				C938E1F617787D4C0086F792 /* main.cpp */,
				C938E1FF17787D5F0086F792 /* RecursiveLoop.cpp */,
				C938E20017787D5F0086F792 /* RecursiveLoop.h */,
				C938E202177904360086F792 /* Power.cpp */,
				C938E203177904360086F792 /* Power.h */,
				C938E2051779B1280086F792 /* Combination.cpp */,
				C938E2061779B1280086F792 /* Combination.h */,
				C938E2081779C1BF0086F792 /* Permutations.cpp */,
				C938E2091779C1BF0086F792 /* Permutations.h */,
				C9ED3D89177B279E00994C1F /* StringOperations.cpp */,
				C9ED3D8A177B279E00994C1F /* StringOperations.h */,
				C9ED3D8F177C1A6400994C1F /* BST.cpp */,
				C9ED3D90177C1A6400994C1F /* BST.h */,
				C9ED3D92177D03B500994C1F /* MatrixOperations.cpp */,
				C9ED3D93177D03B500994C1F /* MatrixOperations.h */,
				C9ED3D9C177FAF5300994C1F /* TutorialBase.cpp */,
				C9ED3D9D177FAF5300994C1F /* TutorialBase.h */,
				C9BC9609178497F900E69E55 /* NQueens.cpp */,
				C9BC960A178497F900E69E55 /* NQueens.h */,
				C9AD36E21788B65C0036D3D7 /* GraphColoring.cpp */,
				C9AD36E31788B65C0036D3D7 /* GraphColoring.h */,
				C9AD3702178B500B0036D3D7 /* Parentheses.cpp */,
				C9AD3703178B500B0036D3D7 /* Parentheses.h */,
				C975437B1798AC9300A905AC /* CoinChange.cpp */,
				C975437C1798AC9300A905AC /* CoinChange.h */,
				C975439E179C561000A905AC /* LIS.cpp */,
				C975439F179C561000A905AC /* LIS.h */,
				C96352E017A04C990092BC3C /* CutTheRod.cpp */,
				C96352E117A04C990092BC3C /* CutTheRod.h */,
				C9940A5817AEC3BC003FDD03 /* PelindromicSubSeq.cpp */,
				C9940A5917AEC3BC003FDD03 /* PelindromicSubSeq.h */,
				C9D16A7B17DCFAF200ACB022 /* Graph.cpp */,
				C9D16A7C17DCFAF200ACB022 /* Graph.h */,
				C95CCB8518829A3F00F2B964 /* KMP.cpp */,
				C95CCB8618829A3F00F2B964 /* KMP.h */,
				C95293E3195D554A00647DAE /* prettyprint.hpp */,
			);
			path = AlgorithmTutorials;
			sourceTree = "<group>";
		};
		C95293CE195A3ED600647DAE /* Skeina */ = {
			isa = PBXGroup;
			children = (
				C95293CF195A3F2A00647DAE /* 3n+1Problem.cpp */,
				C95293D0195A3F2A00647DAE /* 3n+1Problem.h */,
			);
			path = Skeina;
			sourceTree = "<group>";
		};
		C95293DE195D4E5900647DAE /* TopCoder */ = {
			isa = PBXGroup;
			children = (
				C916A2771965F13100AA4A19 /* SRM 596 */,
				C916A26D195F937500AA4A19 /* TestCases */,
				C916A269195ED9BE00AA4A19 /* FibonacciDiv2.cpp */,
				C916A26C195F8D9F00AA4A19 /* FibonacciDiv2.sample */,
				C916A267195EA0A000AA4A19 /* BinaryCode.cpp */,
				C916A265195E9ECB00AA4A19 /* Time.cpp */,
				C916A2731960217A00AA4A19 /* DerivativeSequence.cpp */,
				C916A2751965EBDB00AA4A19 /* ShorterSuperSum.cpp */,
			);
			path = TopCoder;
			sourceTree = "<group>";
		};
		C952942F19661A2000647DAE /* DynamicProgramming-Extra */ = {
			isa = PBXGroup;
			children = (
				C952943019661A2F00647DAE /* Coins.cpp */,
				C99AC97F1968B36E000FACE3 /* LIS.cpp */,
				C99AC98219690DE2000FACE3 /* ZigZag.cpp */,
			);
			path = "DynamicProgramming-Extra";
			sourceTree = "<group>";
		};
		C9600E5F17A6E373006A15A9 /* Sorting */ = {
			isa = PBXGroup;
			children = (
				C9600E6017A6E384006A15A9 /* InsertionSort.cpp */,
				C9600E6117A6E384006A15A9 /* InsertionSort.h */,
				C9D16A7E17E0313C00ACB022 /* QuickSort.cpp */,
				C9D16A7F17E0313C00ACB022 /* QuickSort.h */,
			);
			path = Sorting;
			sourceTree = "<group>";
		};
/* End PBXGroup section */

/* Begin PBXNativeTarget section */
		C938E1F217787D4C0086F792 /* AlgorithmTutorials */ = {
			isa = PBXNativeTarget;
			buildConfigurationList = C938E1FC17787D4C0086F792 /* Build configuration list for PBXNativeTarget "AlgorithmTutorials" */;
			buildPhases = (
				C938E1EF17787D4C0086F792 /* Sources */,
				C938E1F017787D4C0086F792 /* Frameworks */,
				C938E1F117787D4C0086F792 /* CopyFiles */,
			);
			buildRules = (
			);
			dependencies = (
			);
			name = AlgorithmTutorials;
			productName = AlgorithmTutorials;
			productReference = C938E1F317787D4C0086F792 /* AlgorithmTutorials */;
			productType = "com.apple.product-type.tool";
		};
/* End PBXNativeTarget section */

/* Begin PBXProject section */
		C938E1EB17787D4C0086F792 /* Project object */ = {
			isa = PBXProject;
			attributes = {
				LastUpgradeCheck = 0460;
				ORGANIZATIONNAME = Vishal;
			};
			buildConfigurationList = C938E1EE17787D4C0086F792 /* Build configuration list for PBXProject "AlgorithmTutorials" */;
			compatibilityVersion = "Xcode 3.2";
			developmentRegion = English;
			hasScannedForEncodings = 0;
			knownRegions = (
				en,
			);
			mainGroup = C938E1EA17787D4C0086F792;
			productRefGroup = C938E1F417787D4C0086F792 /* Products */;
			projectDirPath = "";
			projectRoot = "";
			targets = (
				C938E1F217787D4C0086F792 /* AlgorithmTutorials */,
			);
		};
/* End PBXProject section */

/* Begin PBXSourcesBuildPhase section */
		C938E1EF17787D4C0086F792 /* Sources */ = {
			isa = PBXSourcesBuildPhase;
			buildActionMask = 2147483647;
			files = (
				C916A2891965F13100AA4A19 /* SparseFactorialDiv2.java in Sources */,
				C938E1F717787D4C0086F792 /* main.cpp in Sources */,
				C916A2761965EBDB00AA4A19 /* ShorterSuperSum.cpp in Sources */,
				C938E20117787D5F0086F792 /* RecursiveLoop.cpp in Sources */,
				C938E204177904360086F792 /* Power.cpp in Sources */,
				C938E2071779B1280086F792 /* Combination.cpp in Sources */,
				C916A2861965F13100AA4A19 /* FoxAndSightseeing.cpp in Sources */,
				C916A2851965F13100AA4A19 /* ColorfulRoad.java in Sources */,
				C916A2841965F13100AA4A19 /* ColorfulRoad.cpp in Sources */,
				C952943219661A2F00647DAE /* Coins.cpp in Sources */,
				C938E20A1779C1BF0086F792 /* Permutations.cpp in Sources */,
				C9ED3D8B177B279E00994C1F /* StringOperations.cpp in Sources */,
				C9ED3D91177C1A6400994C1F /* BST.cpp in Sources */,
				C9ED3D94177D03B500994C1F /* MatrixOperations.cpp in Sources */,
				C9ED3D9E177FAF5400994C1F /* TutorialBase.cpp in Sources */,
				C916A2881965F13100AA4A19 /* SparseFactorialDiv2.cpp in Sources */,
				C9BC960B178497F900E69E55 /* NQueens.cpp in Sources */,
				C9AD36E41788B65C0036D3D7 /* GraphColoring.cpp in Sources */,
				C9AD3704178B500B0036D3D7 /* Parentheses.cpp in Sources */,
				C975437D1798AC9300A905AC /* CoinChange.cpp in Sources */,
				C916A266195E9ECB00AA4A19 /* Time.cpp in Sources */,
				C916A268195EA0A000AA4A19 /* BinaryCode.cpp in Sources */,
				C97543A0179C561100A905AC /* LIS.cpp in Sources */,
				C96352E217A04C990092BC3C /* CutTheRod.cpp in Sources */,
				C9600E6217A6E384006A15A9 /* InsertionSort.cpp in Sources */,
				C916A2871965F13100AA4A19 /* FoxAndSightseeing.java in Sources */,
				C916A26A195ED9BE00AA4A19 /* FibonacciDiv2.cpp in Sources */,
				C916A2741960217A00AA4A19 /* DerivativeSequence.cpp in Sources */,
				C99AC9811968B36E000FACE3 /* LIS.cpp in Sources */,
				C95293D1195A3F2A00647DAE /* 3n+1Problem.cpp in Sources */,
				C99AC98419690DE2000FACE3 /* ZigZag.cpp in Sources */,
				C95CCB8718829A3F00F2B964 /* KMP.cpp in Sources */,
				C9940A5A17AEC3BC003FDD03 /* PelindromicSubSeq.cpp in Sources */,
				C9D16A7D17DCFAF200ACB022 /* Graph.cpp in Sources */,
				C9D16A8017E0313C00ACB022 /* QuickSort.cpp in Sources */,
			);
			runOnlyForDeploymentPostprocessing = 0;
		};
/* End PBXSourcesBuildPhase section */

/* Begin XCBuildConfiguration section */
		C938E1FA17787D4C0086F792 /* Debug */ = {
			isa = XCBuildConfiguration;
			buildSettings = {
				ALWAYS_SEARCH_USER_PATHS = NO;
				ARCHS = "$(ARCHS_STANDARD_64_BIT)";
				CLANG_CXX_LANGUAGE_STANDARD = "gnu++0x";
				CLANG_CXX_LIBRARY = "libc++";
				CLANG_WARN_CONSTANT_CONVERSION = YES;
				CLANG_WARN_EMPTY_BODY = YES;
				CLANG_WARN_ENUM_CONVERSION = YES;
				CLANG_WARN_INT_CONVERSION = YES;
				CLANG_WARN__DUPLICATE_METHOD_MATCH = YES;
				COPY_PHASE_STRIP = NO;
				GCC_C_LANGUAGE_STANDARD = gnu99;
				GCC_DYNAMIC_NO_PIC = NO;
				GCC_ENABLE_OBJC_EXCEPTIONS = YES;
				GCC_OPTIMIZATION_LEVEL = 0;
				GCC_PREPROCESSOR_DEFINITIONS = (
					"DEBUG=1",
					"$(inherited)",
				);
				GCC_SYMBOLS_PRIVATE_EXTERN = NO;
				GCC_WARN_64_TO_32_BIT_CONVERSION = YES;
				GCC_WARN_ABOUT_RETURN_TYPE = YES;
				GCC_WARN_UNINITIALIZED_AUTOS = YES;
				GCC_WARN_UNUSED_VARIABLE = YES;
				MACOSX_DEPLOYMENT_TARGET = 10.8;
				ONLY_ACTIVE_ARCH = YES;
				SDKROOT = macosx;
			};
			name = Debug;
		};
		C938E1FB17787D4C0086F792 /* Release */ = {
			isa = XCBuildConfiguration;
			buildSettings = {
				ALWAYS_SEARCH_USER_PATHS = NO;
				ARCHS = "$(ARCHS_STANDARD_64_BIT)";
				CLANG_CXX_LANGUAGE_STANDARD = "gnu++0x";
				CLANG_CXX_LIBRARY = "libc++";
				CLANG_WARN_CONSTANT_CONVERSION = YES;
				CLANG_WARN_EMPTY_BODY = YES;
				CLANG_WARN_ENUM_CONVERSION = YES;
				CLANG_WARN_INT_CONVERSION = YES;
				CLANG_WARN__DUPLICATE_METHOD_MATCH = YES;
				COPY_PHASE_STRIP = YES;
				DEBUG_INFORMATION_FORMAT = "dwarf-with-dsym";
				GCC_C_LANGUAGE_STANDARD = gnu99;
				GCC_ENABLE_OBJC_EXCEPTIONS = YES;
				GCC_WARN_64_TO_32_BIT_CONVERSION = YES;
				GCC_WARN_ABOUT_RETURN_TYPE = YES;
				GCC_WARN_UNINITIALIZED_AUTOS = YES;
				GCC_WARN_UNUSED_VARIABLE = YES;
				MACOSX_DEPLOYMENT_TARGET = 10.8;
				SDKROOT = macosx;
			};
			name = Release;
		};
		C938E1FD17787D4C0086F792 /* Debug */ = {
			isa = XCBuildConfiguration;
			buildSettings = {
				CLANG_CXX_LANGUAGE_STANDARD = "c++0x";
				GCC_PREPROCESSOR_DEFINITIONS = (
					"DEBUG=1",
					"$(inherited)",
					"_GLIBCXX_DEBUG=1",
					"_GLIBCXXDEBUGPEDANTIC=1",
				);
				PRODUCT_NAME = "$(TARGET_NAME)";
			};
			name = Debug;
		};
		C938E1FE17787D4C0086F792 /* Release */ = {
			isa = XCBuildConfiguration;
			buildSettings = {
				CLANG_CXX_LANGUAGE_STANDARD = "c++0x";
				PRODUCT_NAME = "$(TARGET_NAME)";
			};
			name = Release;
		};
/* End XCBuildConfiguration section */

/* Begin XCConfigurationList section */
		C938E1EE17787D4C0086F792 /* Build configuration list for PBXProject "AlgorithmTutorials" */ = {
			isa = XCConfigurationList;
			buildConfigurations = (
				C938E1FA17787D4C0086F792 /* Debug */,
				C938E1FB17787D4C0086F792 /* Release */,
			);
			defaultConfigurationIsVisible = 0;
			defaultConfigurationName = Release;
		};
		C938E1FC17787D4C0086F792 /* Build configuration list for PBXNativeTarget "AlgorithmTutorials" */ = {
			isa = XCConfigurationList;
			buildConfigurations = (
				C938E1FD17787D4C0086F792 /* Debug */,
				C938E1FE17787D4C0086F792 /* Release */,
			);
			defaultConfigurationIsVisible = 0;
			defaultConfigurationName = Release;
		};
/* End XCConfigurationList section */
	};
	rootObject = C938E1EB17787D4C0086F792 /* Project object */;
}
